
Microsoft Visual Studio Solution File, Format Version 12.00
# Visual Studio Version 16
VisualStudioVersion = 16.0.32630.194
MinimumVisualStudioVersion = 10.0.40219.1
Project("{FAE04EC0-301F-11D3-BF4B-00C04F79EFBC}") = "tieredsuperiority", "tieredsuperiority.csproj", "{E43792F3-70F1-4933-9AF0-29F06C6BFEBB}"
EndProject
Global
	GlobalSection(SolutionConfigurationPlatforms) = preSolution
		Debug|Any CPU = Debug|Any CPU
		Release|Any CPU = Release|Any CPU
	EndGlobalSection
	GlobalSection(ProjectConfigurationPlatforms) = postSolution
		{E43792F3-70F1-4933-9AF0-29F06C6BFEBB}.Debug|Any CPU.ActiveCfg = Debug|Any CPU
		{E43792F3-70F1-4933-9AF0-29F06C6BFEBB}.Debug|Any CPU.Build.0 = Debug|Any CPU
		{E43792F3-70F1-4933-9AF0-29F06C6BFEBB}.Release|Any CPU.ActiveCfg = Release|Any CPU
		{E43792F3-70F1-4933-9AF0-29F06C6BFEBB}.Release|Any CPU.Build.0 = Release|Any CPU
	EndGlobalSection
	GlobalSection(SolutionProperties) = preSolution
		HideSolutionNode = FALSE
	EndGlobalSection
	GlobalSection(ExtensibilityGlobals) = postSolution
		SolutionGuid = {2662F464-C04A-47E6-834F-56EB7B8930EA}
	EndGlobalSection
EndGlobal
